// !$*UTF8*$!
{
	archiveVersion = 1;
	classes = {
	};
	objectVersion = 77;
	objects = {

/* Begin PBXContainerItemProxy section */
		9A06B5342D72AF180027ACE1 /* PBXContainerItemProxy */ = {
			isa = PBXContainerItemProxy;
			containerPortal = 9A06B5172D72AF160027ACE1 /* Project object */;
			proxyType = 1;
			remoteGlobalIDString = 9A06B51E2D72AF160027ACE1;
			remoteInfo = EasyNote;
		};
		9A06B53E2D72AF180027ACE1 /* PBXContainerItemProxy */ = {
			isa = PBXContainerItemProxy;
			containerPortal = 9A06B5172D72AF160027ACE1 /* Project object */;
			proxyType = 1;
			remoteGlobalIDString = 9A06B51E2D72AF160027ACE1;
			remoteInfo = EasyNote;
		};
/* End PBXContainerItemProxy section */

/* Begin PBXFileReference section */
		9A06B51F2D72AF160027ACE1 /* EasyNote.app */ = {isa = PBXFileReference; explicitFileType = wrapper.application; includeInIndex = 0; path = EasyNote.app; sourceTree = BUILT_PRODUCTS_DIR; };
		9A06B5332D72AF180027ACE1 /* EasyNoteTests.xctest */ = {isa = PBXFileReference; explicitFileType = wrapper.cfbundle; includeInIndex = 0; path = EasyNoteTests.xctest; sourceTree = BUILT_PRODUCTS_DIR; };
		9A06B53D2D72AF180027ACE1 /* EasyNoteUITests.xctest */ = {isa = PBXFileReference; explicitFileType = wrapper.cfbundle; includeInIndex = 0; path = EasyNoteUITests.xctest; sourceTree = BUILT_PRODUCTS_DIR; };
/* End PBXFileReference section */

/* Begin PBXFileSystemSynchronizedBuildFileExceptionSet section */
		9A06B5452D72AF180027ACE1 /* Exceptions for "EasyNote" folder in "EasyNote" target */ = {
			isa = PBXFileSystemSynchronizedBuildFileExceptionSet;
			membershipExceptions = (
				Info.plist,
			);
			target = 9A06B51E2D72AF160027ACE1 /* EasyNote */;
		};
/* End PBXFileSystemSynchronizedBuildFileExceptionSet section */

/* Begin PBXFileSystemSynchronizedRootGroup section */
		9A06B5212D72AF160027ACE1 /* EasyNote */ = {
			isa = PBXFileSystemSynchronizedRootGroup;
			exceptions = (
				9A06B5452D72AF180027ACE1 /* Exceptions for "EasyNote" folder in "EasyNote" target */,
			);
			path = EasyNote;
			sourceTree = "<group>";
		};
		9A06B5362D72AF180027ACE1 /* EasyNoteTests */ = {
			isa = PBXFileSystemSynchronizedRootGroup;
			path = EasyNoteTests;
			sourceTree = "<group>";
		};
		9A06B5402D72AF180027ACE1 /* EasyNoteUITests */ = {
			isa = PBXFileSystemSynchronizedRootGroup;
			path = EasyNoteUITests;
			sourceTree = "<group>";
		};
/* End PBXFileSystemSynchronizedRootGroup section */

/* Begin PBXFrameworksBuildPhase section */
		9A06B51C2D72AF160027ACE1 /* Frameworks */ = {
			isa = PBXFrameworksBuildPhase;
			buildActionMask = 2147483647;
			files = (
			);
			runOnlyForDeploymentPostprocessing = 0;
		};
		9A06B5302D72AF180027ACE1 /* Frameworks */ = {
			isa = PBXFrameworksBuildPhase;
			buildActionMask = 2147483647;
			files = (
			);
			runOnlyForDeploymentPostprocessing = 0;
		};
		9A06B53A2D72AF180027ACE1 /* Frameworks */ = {
			isa = PBXFrameworksBuildPhase;
			buildActionMask = 2147483647;
			files = (
			);
			runOnlyForDeploymentPostprocessing = 0;
		};
/* End PBXFrameworksBuildPhase section */

/* Begin PBXGroup section */
		9A06B5162D72AF160027ACE1 = {
			isa = PBXGroup;
			children = (
				9A06B5212D72AF160027ACE1 /* EasyNote */,
				9A06B5362D72AF180027ACE1 /* EasyNoteTests */,
				9A06B5402D72AF180027ACE1 /* EasyNoteUITests */,
				9A06B5202D72AF160027ACE1 /* Products */,
			);
			sourceTree = "<group>";
		};
		9A06B5202D72AF160027ACE1 /* Products */ = {
			isa = PBXGroup;
			children = (
				9A06B51F2D72AF160027ACE1 /* EasyNote.app */,
				9A06B5332D72AF180027ACE1 /* EasyNoteTests.xctest */,
				9A06B53D2D72AF180027ACE1 /* EasyNoteUITests.xctest */,
			);
			name = Products;
			sourceTree = "<group>";
		};
/* End PBXGroup section */

/* Begin PBXNativeTarget section */
		9A06B51E2D72AF160027ACE1 /* EasyNote */ = {
			isa = PBXNativeTarget;
			buildConfigurationList = 9A06B5462D72AF180027ACE1 /* Build configuration list for PBXNativeTarget "EasyNote" */;
			buildPhases = (
				9A06B51B2D72AF160027ACE1 /* Sources */,
				9A06B51C2D72AF160027ACE1 /* Frameworks */,
				9A06B51D2D72AF160027ACE1 /* Resources */,
			);
			buildRules = (
			);
			dependencies = (
			);
			fileSystemSynchronizedGroups = (
				9A06B5212D72AF160027ACE1 /* EasyNote */,
			);
			name = EasyNote;
			packageProductDependencies = (
			);
			productName = EasyNote;
			productReference = 9A06B51F2D72AF160027ACE1 /* EasyNote.app */;
			productType = "com.apple.product-type.application";
		};
		9A06B5322D72AF180027ACE1 /* EasyNoteTests */ = {
			isa = PBXNativeTarget;
			buildConfigurationList = 9A06B54B2D72AF180027ACE1 /* Build configuration list for PBXNativeTarget "EasyNoteTests" */;
			buildPhases = (
				9A06B52F2D72AF180027ACE1 /* Sources */,
				9A06B5302D72AF180027ACE1 /* Frameworks */,
				9A06B5312D72AF180027ACE1 /* Resources */,
			);
			buildRules = (
			);
			dependencies = (
				9A06B5352D72AF180027ACE1 /* PBXTargetDependency */,
			);
			fileSystemSynchronizedGroups = (
				9A06B5362D72AF180027ACE1 /* EasyNoteTests */,
			);
			name = EasyNoteTests;
			packageProductDependencies = (
			);
			productName = EasyNoteTests;
			productReference = 9A06B5332D72AF180027ACE1 /* EasyNoteTests.xctest */;
			productType = "com.apple.product-type.bundle.unit-test";
		};
		9A06B53C2D72AF180027ACE1 /* EasyNoteUITests */ = {
			isa = PBXNativeTarget;
			buildConfigurationList = 9A06B54E2D72AF180027ACE1 /* Build configuration list for PBXNativeTarget "EasyNoteUITests" */;
			buildPhases = (
				9A06B5392D72AF180027ACE1 /* Sources */,
				9A06B53A2D72AF180027ACE1 /* Frameworks */,
				9A06B53B2D72AF180027ACE1 /* Resources */,
			);
			buildRules = (
			);
			dependencies = (
				9A06B53F2D72AF180027ACE1 /* PBXTargetDependency */,
			);
			fileSystemSynchronizedGroups = (
				9A06B5402D72AF180027ACE1 /* EasyNoteUITests */,
			);
			name = EasyNoteUITests;
			packageProductDependencies = (
			);
			productName = EasyNoteUITests;
			productReference = 9A06B53D2D72AF180027ACE1 /* EasyNoteUITests.xctest */;
			productType = "com.apple.product-type.bundle.ui-testing";
		};
/* End PBXNativeTarget section */

/* Begin PBXProject section */
		9A06B5172D72AF160027ACE1 /* Project object */ = {
			isa = PBXProject;
			attributes = {
				BuildIndependentTargetsInParallel = 1;
				LastSwiftUpdateCheck = 1620;
				LastUpgradeCheck = 1620;
				TargetAttributes = {
					9A06B51E2D72AF160027ACE1 = {
						CreatedOnToolsVersion = 16.2;
					};
					9A06B5322D72AF180027ACE1 = {
						CreatedOnToolsVersion = 16.2;
						TestTargetID = 9A06B51E2D72AF160027ACE1;
					};
					9A06B53C2D72AF180027ACE1 = {
						CreatedOnToolsVersion = 16.2;
						TestTargetID = 9A06B51E2D72AF160027ACE1;
					};
				};
			};
			buildConfigurationList = 9A06B51A2D72AF160027ACE1 /* Build configuration list for PBXProject "EasyNote" */;
			developmentRegion = en;
			hasScannedForEncodings = 0;
			knownRegions = (
				en,
				Base,
			);
			mainGroup = 9A06B5162D72AF160027ACE1;
			minimizedProjectReferenceProxies = 1;
			preferredProjectObjectVersion = 77;
			productRefGroup = 9A06B5202D72AF160027ACE1 /* Products */;
			projectDirPath = "";
			projectRoot = "";
			targets = (
				9A06B51E2D72AF160027ACE1 /* EasyNote */,
				9A06B5322D72AF180027ACE1 /* EasyNoteTests */,
				9A06B53C2D72AF180027ACE1 /* EasyNoteUITests */,
			);
		};
/* End PBXProject section */

/* Begin PBXResourcesBuildPhase section */
		9A06B51D2D72AF160027ACE1 /* Resources */ = {
			isa = PBXResourcesBuildPhase;
			buildActionMask = 2147483647;
			files = (
			);
			runOnlyForDeploymentPostprocessing = 0;
		};
		9A06B5312D72AF180027ACE1 /* Resources */ = {
			isa = PBXResourcesBuildPhase;
			buildActionMask = 2147483647;
			files = (
			);
			runOnlyForDeploymentPostprocessing = 0;
		};
		9A06B53B2D72AF180027ACE1 /* Resources */ = {
			isa = PBXResourcesBuildPhase;
			buildActionMask = 2147483647;
			files = (
			);
			runOnlyForDeploymentPostprocessing = 0;
		};
/* End PBXResourcesBuildPhase section */

/* Begin PBXSourcesBuildPhase section */
		9A06B51B2D72AF160027ACE1 /* Sources */ = {
			isa = PBXSourcesBuildPhase;
			buildActionMask = 2147483647;
			files = (
			);
			runOnlyForDeploymentPostprocessing = 0;
		};
		9A06B52F2D72AF180027ACE1 /* Sources */ = {
			isa = PBXSourcesBuildPhase;
			buildActionMask = 2147483647;
			files = (
			);
			runOnlyForDeploymentPostprocessing = 0;
		};
		9A06B5392D72AF180027ACE1 /* Sources */ = {
			isa = PBXSourcesBuildPhase;
			buildActionMask = 2147483647;
			files = (
			);
			runOnlyForDeploymentPostprocessing = 0;
		};
/* End PBXSourcesBuildPhase section */

/* Begin PBXTargetDependency section */
		9A06B5352D72AF180027ACE1 /* PBXTargetDependency */ = {
			isa = PBXTargetDependency;
			target = 9A06B51E2D72AF160027ACE1 /* EasyNote */;
			targetProxy = 9A06B5342D72AF180027ACE1 /* PBXContainerItemProxy */;
		};
		9A06B53F2D72AF180027ACE1 /* PBXTargetDependency */ = {
			isa = PBXTargetDependency;
			target = 9A06B51E2D72AF160027ACE1 /* EasyNote */;
			targetProxy = 9A06B53E2D72AF180027ACE1 /* PBXContainerItemProxy */;
		};
/* End PBXTargetDependency section */

/* Begin XCBuildConfiguration section */
		9A06B5472D72AF180027ACE1 /* Debug */ = {
			isa = XCBuildConfiguration;
			buildSettings = {
				ASSETCATALOG_COMPILER_APPICON_NAME = AppIcon;
				ASSETCATALOG_COMPILER_GLOBAL_ACCENT_COLOR_NAME = AccentColor;
				CODE_SIGN_ENTITLEMENTS = EasyNote/EasyNote.entitlements;
				CODE_SIGN_STYLE = Automatic;
				CURRENT_PROJECT_VERSION = 1;
				DEVELOPMENT_ASSET_PATHS = "\"EasyNote/Preview Content\"";
				DEVELOPMENT_TEAM = 92ULR275Z5;
				ENABLE_PREVIEWS = YES;
				GENERATE_INFOPLIST_FILE = YES;
				INFOPLIST_FILE = EasyNote/Info.plist;
				INFOPLIST_KEY_NSMicrophoneUsageDescription = "需要麦克风权限来录制语音日记";
				INFOPLIST_KEY_NSRemindersFullAccessUsageDescription = "需要提醒事项权限来把待办写入系统提醒事项";
				INFOPLIST_KEY_NSSpeechRecognitionUsageDescription = "需要语音识别权限来将语音转换为文字";
				INFOPLIST_KEY_UIApplicationSceneManifest_Generation = YES;
				INFOPLIST_KEY_UIApplicationSupportsIndirectInputEvents = YES;
				INFOPLIST_KEY_UILaunchScreen_Generation = YES;
				INFOPLIST_KEY_UISupportedInterfaceOrientations_iPad = "UIInterfaceOrientationPortrait UIInterfaceOrientationPortraitUpsideDown UIInterfaceOrientationLandscapeLeft UIInterfaceOrientationLandscapeRight";
				INFOPLIST_KEY_UISupportedInterfaceOrientations_iPhone = "UIInterfaceOrientationPortrait UIInterfaceOrientationLandscapeLeft UIInterfaceOrientationLandscapeRight";
				LD_RUNPATH_SEARCH_PATHS = (
					"$(inherited)",
					"@executable_path/Frameworks",
				);
				MARKETING_VERSION = 1.0;
				PRODUCT_BUNDLE_IDENTIFIER = io.github.zzqDeco.EasyNote;
				PRODUCT_NAME = "$(TARGET_NAME)";
				SWIFT_EMIT_LOC_STRINGS = YES;
				SWIFT_VERSION = 5.0;
				TARGETED_DEVICE_FAMILY = "1,2";
			};
			name = Debug;
		};
		9A06B5482D72AF180027ACE1 /* Release */ = {
			isa = XCBuildConfiguration;
			buildSettings = {
				ASSETCATALOG_COMPILER_APPICON_NAME = AppIcon;
				ASSETCATALOG_COMPILER_GLOBAL_ACCENT_COLOR_NAME = AccentColor;
				CODE_SIGN_ENTITLEMENTS = EasyNote/EasyNote.entitlements;
				CODE_SIGN_STYLE = Automatic;
				CURRENT_PROJECT_VERSION = 1;
				DEVELOPMENT_ASSET_PATHS = "\"EasyNote/Preview Content\"";
				DEVELOPMENT_TEAM = 92ULR275Z5;
				ENABLE_PREVIEWS = YES;
				GENERATE_INFOPLIST_FILE = YES;
				INFOPLIST_FILE = EasyNote/Info.plist;
				INFOPLIST_KEY_NSMicrophoneUsageDescription = "需要麦克风权限来录制语音日记";
				INFOPLIST_KEY_NSRemindersFullAccessUsageDescription = "需要提醒事项权限来把待办写入系统提醒事项";
				INFOPLIST_KEY_NSSpeechRecognitionUsageDescription = "需要语音识别权限来将语音转换为文字";
				INFOPLIST_KEY_UIApplicationSceneManifest_Generation = YES;
				INFOPLIST_KEY_UIApplicationSupportsIndirectInputEvents = YES;
				INFOPLIST_KEY_UILaunchScreen_Generation = YES;
				INFOPLIST_KEY_UISupportedInterfaceOrientations_iPad = "UIInterfaceOrientationPortrait UIInterfaceOrientationPortraitUpsideDown UIInterfaceOrientationLandscapeLeft UIInterfaceOrientationLandscapeRight";
				INFOPLIST_KEY_UISupportedInterfaceOrientations_iPhone = "UIInterfaceOrientationPortrait UIInterfaceOrientationLandscapeLeft UIInterfaceOrientationLandscapeRight";
				LD_RUNPATH_SEARCH_PATHS = (
					"$(inherited)",
					"@executable_path/Frameworks",
				);
				MARKETING_VERSION = 1.0;
				PRODUCT_BUNDLE_IDENTIFIER = io.github.zzqDeco.EasyNote;
				PRODUCT_NAME = "$(TARGET_NAME)";
				SWIFT_EMIT_LOC_STRINGS = YES;
				SWIFT_VERSION = 5.0;
				TARGETED_DEVICE_FAMILY = "1,2";
			};
			name = Release;
		};
		9A06B5492D72AF180027ACE1 /* Debug */ = {
			isa = XCBuildConfiguration;
			buildSettings = {
				ALWAYS_SEARCH_USER_PATHS = NO;
				ASSETCATALOG_COMPILER_GENERATE_SWIFT_ASSET_SYMBOL_EXTENSIONS = YES;
				CLANG_ANALYZER_NONNULL = YES;
				CLANG_ANALYZER_NUMBER_OBJECT_CONVERSION = YES_AGGRESSIVE;
				CLANG_CXX_LANGUAGE_STANDARD = "gnu++20";
				CLANG_ENABLE_MODULES = YES;
				CLANG_ENABLE_OBJC_ARC = YES;
				CLANG_ENABLE_OBJC_WEAK = YES;
				CLANG_WARN_BLOCK_CAPTURE_AUTORELEASING = YES;
				CLANG_WARN_BOOL_CONVERSION = YES;
				CLANG_WARN_COMMA = YES;
				CLANG_WARN_CONSTANT_CONVERSION = YES;
				CLANG_WARN_DEPRECATED_OBJC_IMPLEMENTATIONS = YES;
				CLANG_WARN_DIRECT_OBJC_ISA_USAGE = YES_ERROR;
				CLANG_WARN_DOCUMENTATION_COMMENTS = YES;
				CLANG_WARN_EMPTY_BODY = YES;
				CLANG_WARN_ENUM_CONVERSION = YES;
				CLANG_WARN_INFINITE_RECURSION = YES;
				CLANG_WARN_INT_CONVERSION = YES;
				CLANG_WARN_NON_LITERAL_NULL_CONVERSION = YES;
				CLANG_WARN_OBJC_IMPLICIT_RETAIN_SELF = YES;
				CLANG_WARN_OBJC_LITERAL_CONVERSION = YES;
				CLANG_WARN_OBJC_ROOT_CLASS = YES_ERROR;
				CLANG_WARN_QUOTED_INCLUDE_IN_FRAMEWORK_HEADER = YES;
				CLANG_WARN_RANGE_LOOP_ANALYSIS = YES;
				CLANG_WARN_STRICT_PROTOTYPES = YES;
				CLANG_WARN_SUSPICIOUS_MOVE = YES;
				CLANG_WARN_UNGUARDED_AVAILABILITY = YES_AGGRESSIVE;
				CLANG_WARN_UNREACHABLE_CODE = YES;
				CLANG_WARN__DUPLICATE_METHOD_MATCH = YES;
				COPY_PHASE_STRIP = NO;
				DEBUG_INFORMATION_FORMAT = dwarf;
				ENABLE_STRICT_OBJC_MSGSEND = YES;
				ENABLE_TESTABILITY = YES;
				ENABLE_USER_SCRIPT_SANDBOXING = YES;
				GCC_C_LANGUAGE_STANDARD = gnu17;
				GCC_DYNAMIC_NO_PIC = NO;
				GCC_NO_COMMON_BLOCKS = YES;
				GCC_OPTIMIZATION_LEVEL = 0;
				GCC_PREPROCESSOR_DEFINITIONS = (
					"DEBUG=1",
					"$(inherited)",
				);
				GCC_WARN_64_TO_32_BIT_CONVERSION = YES;
				GCC_WARN_ABOUT_RETURN_TYPE = YES_ERROR;
				GCC_WARN_UNDECLARED_SELECTOR = YES;
				GCC_WARN_UNINITIALIZED_AUTOS = YES_AGGRESSIVE;
				GCC_WARN_UNUSED_FUNCTION = YES;
				GCC_WARN_UNUSED_VARIABLE = YES;
				IPHONEOS_DEPLOYMENT_TARGET = 18.2;
				LOCALIZATION_PREFERS_STRING_CATALOGS = YES;
				MTL_ENABLE_DEBUG_INFO = INCLUDE_SOURCE;
				MTL_FAST_MATH = YES;
				ONLY_ACTIVE_ARCH = YES;
				SDKROOT = iphoneos;
				SWIFT_ACTIVE_COMPILATION_CONDITIONS = "DEBUG $(inherited)";
				SWIFT_OPTIMIZATION_LEVEL = "-Onone";
			};
			name = Debug;
		};
		9A06B54A2D72AF180027ACE1 /* Release */ = {
			isa = XCBuildConfiguration;
			buildSettings = {
				ALWAYS_SEARCH_USER_PATHS = NO;
				ASSETCATALOG_COMPILER_GENERATE_SWIFT_ASSET_SYMBOL_EXTENSIONS = YES;
				CLANG_ANALYZER_NONNULL = YES;
				CLANG_ANALYZER_NUMBER_OBJECT_CONVERSION = YES_AGGRESSIVE;
				CLANG_CXX_LANGUAGE_STANDARD = "gnu++20";
				CLANG_ENABLE_MODULES = YES;
				CLANG_ENABLE_OBJC_ARC = YES;
				CLANG_ENABLE_OBJC_WEAK = YES;
				CLANG_WARN_BLOCK_CAPTURE_AUTORELEASING = YES;
				CLANG_WARN_BOOL_CONVERSION = YES;
				CLANG_WARN_COMMA = YES;
				CLANG_WARN_CONSTANT_CONVERSION = YES;
				CLANG_WARN_DEPRECATED_OBJC_IMPLEMENTATIONS = YES;
				CLANG_WARN_DIRECT_OBJC_ISA_USAGE = YES_ERROR;
				CLANG_WARN_DOCUMENTATION_COMMENTS = YES;
				CLANG_WARN_EMPTY_BODY = YES;
				CLANG_WARN_ENUM_CONVERSION = YES;
				CLANG_WARN_INFINITE_RECURSION = YES;
				CLANG_WARN_INT_CONVERSION = YES;
				CLANG_WARN_NON_LITERAL_NULL_CONVERSION = YES;
				CLANG_WARN_OBJC_IMPLICIT_RETAIN_SELF = YES;
				CLANG_WARN_OBJC_LITERAL_CONVERSION = YES;
				CLANG_WARN_OBJC_ROOT_CLASS = YES_ERROR;
				CLANG_WARN_QUOTED_INCLUDE_IN_FRAMEWORK_HEADER = YES;
				CLANG_WARN_RANGE_LOOP_ANALYSIS = YES;
				CLANG_WARN_STRICT_PROTOTYPES = YES;
				CLANG_WARN_SUSPICIOUS_MOVE = YES;
				CLANG_WARN_UNGUARDED_AVAILABILITY = YES_AGGRESSIVE;
				CLANG_WARN_UNREACHABLE_CODE = YES;
				CLANG_WARN__DUPLICATE_METHOD_MATCH = YES;
				COPY_PHASE_STRIP = NO;
				DEBUG_INFORMATION_FORMAT = "dwarf-with-dsym";
				ENABLE_NS_ASSERTIONS = NO;
				ENABLE_STRICT_OBJC_MSGSEND = YES;
				ENABLE_USER_SCRIPT_SANDBOXING = YES;
				GCC_C_LANGUAGE_STANDARD = gnu17;
				GCC_NO_COMMON_BLOCKS = YES;
				GCC_WARN_64_TO_32_BIT_CONVERSION = YES;
				GCC_WARN_ABOUT_RETURN_TYPE = YES_ERROR;
				GCC_WARN_UNDECLARED_SELECTOR = YES;
				GCC_WARN_UNINITIALIZED_AUTOS = YES_AGGRESSIVE;
				GCC_WARN_UNUSED_FUNCTION = YES;
				GCC_WARN_UNUSED_VARIABLE = YES;
				IPHONEOS_DEPLOYMENT_TARGET = 18.2;
				LOCALIZATION_PREFERS_STRING_CATALOGS = YES;
				MTL_ENABLE_DEBUG_INFO = NO;
				MTL_FAST_MATH = YES;
				SDKROOT = iphoneos;
				SWIFT_COMPILATION_MODE = wholemodule;
				VALIDATE_PRODUCT = YES;
			};
			name = Release;
		};
		9A06B54C2D72AF180027ACE1 /* Debug */ = {
			isa = XCBuildConfiguration;
			buildSettings = {
				BUNDLE_LOADER = "$(TEST_HOST)";
				CODE_SIGN_STYLE = Automatic;
				CURRENT_PROJECT_VERSION = 1;
				DEVELOPMENT_TEAM = 92ULR275Z5;
				GENERATE_INFOPLIST_FILE = YES;
				IPHONEOS_DEPLOYMENT_TARGET = 18.2;
				MARKETING_VERSION = 1.0;
				PRODUCT_BUNDLE_IDENTIFIER = com.flyever.EasyNoteTests;
				PRODUCT_NAME = "$(TARGET_NAME)";
				SWIFT_EMIT_LOC_STRINGS = NO;
				SWIFT_VERSION = 5.0;
				TARGETED_DEVICE_FAMILY = "1,2";
				TEST_HOST = "$(BUILT_PRODUCTS_DIR)/EasyNote.app/$(BUNDLE_EXECUTABLE_FOLDER_PATH)/EasyNote";
			};
			name = Debug;
		};
		9A06B54D2D72AF180027ACE1 /* Release */ = {
			isa = XCBuildConfiguration;
			buildSettings = {
				BUNDLE_LOADER = "$(TEST_HOST)";
				CODE_SIGN_STYLE = Automatic;
				CURRENT_PROJECT_VERSION = 1;
				DEVELOPMENT_TEAM = 92ULR275Z5;
				GENERATE_INFOPLIST_FILE = YES;
				IPHONEOS_DEPLOYMENT_TARGET = 18.2;
				MARKETING_VERSION = 1.0;
				PRODUCT_BUNDLE_IDENTIFIER = com.flyever.EasyNoteTests;
				PRODUCT_NAME = "$(TARGET_NAME)";
				SWIFT_EMIT_LOC_STRINGS = NO;
				SWIFT_VERSION = 5.0;
				TARGETED_DEVICE_FAMILY = "1,2";
				TEST_HOST = "$(BUILT_PRODUCTS_DIR)/EasyNote.app/$(BUNDLE_EXECUTABLE_FOLDER_PATH)/EasyNote";
			};
			name = Release;
		};
		9A06B54F2D72AF180027ACE1 /* Debug */ = {
			isa = XCBuildConfiguration;
			buildSettings = {
				CODE_SIGN_STYLE = Automatic;
				CURRENT_PROJECT_VERSION = 1;
				DEVELOPMENT_TEAM = 92ULR275Z5;
				GENERATE_INFOPLIST_FILE = YES;
				MARKETING_VERSION = 1.0;
				PRODUCT_BUNDLE_IDENTIFIER = com.flyever.EasyNoteUITests;
				PRODUCT_NAME = "$(TARGET_NAME)";
				SWIFT_EMIT_LOC_STRINGS = NO;
				SWIFT_VERSION = 5.0;
				TARGETED_DEVICE_FAMILY = "1,2";
				TEST_TARGET_NAME = EasyNote;
			};
			name = Debug;
		};
		9A06B5502D72AF180027ACE1 /* Release */ = {
			isa = XCBuildConfiguration;
			buildSettings = {
				CODE_SIGN_STYLE = Automatic;
				CURRENT_PROJECT_VERSION = 1;
				DEVELOPMENT_TEAM = 92ULR275Z5;
				GENERATE_INFOPLIST_FILE = YES;
				MARKETING_VERSION = 1.0;
				PRODUCT_BUNDLE_IDENTIFIER = com.flyever.EasyNoteUITests;
				PRODUCT_NAME = "$(TARGET_NAME)";
				SWIFT_EMIT_LOC_STRINGS = NO;
				SWIFT_VERSION = 5.0;
				TARGETED_DEVICE_FAMILY = "1,2";
				TEST_TARGET_NAME = EasyNote;
			};
			name = Release;
		};
/* End XCBuildConfiguration section */

/* Begin XCConfigurationList section */
		9A06B51A2D72AF160027ACE1 /* Build configuration list for PBXProject "EasyNote" */ = {
			isa = XCConfigurationList;
			buildConfigurations = (
				9A06B5492D72AF180027ACE1 /* Debug */,
				9A06B54A2D72AF180027ACE1 /* Release */,
			);
			defaultConfigurationIsVisible = 0;
			defaultConfigurationName = Debug;
		};
		9A06B5462D72AF180027ACE1 /* Build configuration list for PBXNativeTarget "EasyNote" */ = {
			isa = XCConfigurationList;
			buildConfigurations = (
				9A06B5472D72AF180027ACE1 /* Debug */,
				9A06B5482D72AF180027ACE1 /* Release */,
			);
			defaultConfigurationIsVisible = 0;
			defaultConfigurationName = Debug;
		};
		9A06B54B2D72AF180027ACE1 /* Build configuration list for PBXNativeTarget "EasyNoteTests" */ = {
			isa = XCConfigurationList;
			buildConfigurations = (
				9A06B54C2D72AF180027ACE1 /* Debug */,
				9A06B54D2D72AF180027ACE1 /* Release */,
			);
			defaultConfigurationIsVisible = 0;
			defaultConfigurationName = Debug;
		};
		9A06B54E2D72AF180027ACE1 /* Build configuration list for PBXNativeTarget "EasyNoteUITests" */ = {
			isa = XCConfigurationList;
			buildConfigurations = (
				9A06B54F2D72AF180027ACE1 /* Debug */,
				9A06B5502D72AF180027ACE1 /* Release */,
			);
			defaultConfigurationIsVisible = 0;
			defaultConfigurationName = Debug;
		};
/* End XCConfigurationList section */
	};
	rootObject = 9A06B5172D72AF160027ACE1 /* Project object */;
}
